github.com/alex-shpak/hugo-book v0.0.0-20250825215546-29f739c9e01d h1:Y+5cQ6i66zXa/Z+/3Wy+bQV6z+ghSAfYm9dfKnMH2Eg=
github.com/alex-shpak/hugo-book v0.0.0-20250825215546-29f739c9e01d/go.mod h1:L4NMyzbn15fpLIpmmtDg9ZFFyTZzw87/lk7M2bMQ7ds=
github.com/alex-shpak/hugo-book v0.0.0-20251118074854-b7f9c8cb0f51 h1:HHxBwO6r6h3AUflUc/X/Gf5UrfTY5rZEbD7QoGzbVvU=
github.com/alex-shpak/hugo-book v0.0.0-20251118074854-b7f9c8cb0f51/go.mod h1:L4NMyzbn15fpLIpmmtDg9ZFFyTZzw87/lk7M2bMQ7ds=
